
Microsoft Visual Studio Solution File, Format Version 12.00
# Visual Studio Version 16
VisualStudioVersion = 16.0.30717.126
MinimumVisualStudioVersion = 10.0.40219.1
Project("{9A19103F-16F7-4668-BE54-9A1E7A4F7556}") = "NUnitTests", "NUnitTests\NUnitTests.csproj", "{5F1A5A22-3D57-49E5-B9E0-B3583C4377E5}"
EndProject
Project("{FAE04EC0-301F-11D3-BF4B-00C04F79EFBC}") = "Converters", "Converters\Converters.csproj", "{4C7C7BDE-51FA-4C76-97DE-F209B5E50295}"
EndProject
Global
	GlobalSection(SolutionConfigurationPlatforms) = preSolution
		Debug|Any CPU = Debug|Any CPU
		Release|Any CPU = Release|Any CPU
	EndGlobalSection
	GlobalSection(ProjectConfigurationPlatforms) = postSolution
		{5F1A5A22-3D57-49E5-B9E0-B3583C4377E5}.Debug|Any CPU.ActiveCfg = Debug|Any CPU
		{5F1A5A22-3D57-49E5-B9E0-B3583C4377E5}.Debug|Any CPU.Build.0 = Debug|Any CPU
		{5F1A5A22-3D57-49E5-B9E0-B3583C4377E5}.Release|Any CPU.ActiveCfg = Release|Any CPU
		{5F1A5A22-3D57-49E5-B9E0-B3583C4377E5}.Release|Any CPU.Build.0 = Release|Any CPU
		{4C7C7BDE-51FA-4C76-97DE-F209B5E50295}.Debug|Any CPU.ActiveCfg = Debug|Any CPU
		{4C7C7BDE-51FA-4C76-97DE-F209B5E50295}.Debug|Any CPU.Build.0 = Debug|Any CPU
		{4C7C7BDE-51FA-4C76-97DE-F209B5E50295}.Release|Any CPU.ActiveCfg = Release|Any CPU
		{4C7C7BDE-51FA-4C76-97DE-F209B5E50295}.Release|Any CPU.Build.0 = Release|Any CPU
	EndGlobalSection
	GlobalSection(SolutionProperties) = preSolution
		HideSolutionNode = FALSE
	EndGlobalSection
	GlobalSection(ExtensibilityGlobals) = postSolution
		SolutionGuid = {5CEA86AC-68E4-47B3-A139-6CBA3B9F86AB}
	EndGlobalSection
EndGlobal
